
Microsoft Visual Studio Solution File, Format Version 12.00
# Visual Studio Express 2012 for Windows Desktop
Project("{FAE04EC0-301F-11D3-BF4B-00C04F79EFBC}") = "Branddy", "Branddy\Branddy.csproj", "{33896F31-5163-4DCD-8243-8F73202D61DE}"
EndProject
Global
	GlobalSection(SolutionConfigurationPlatforms) = preSolution
		Debug|Any CPU = Debug|Any CPU
		Release|Any CPU = Release|Any CPU
	EndGlobalSection
	GlobalSection(ProjectConfigurationPlatforms) = postSolution
		{33896F31-5163-4DCD-8243-8F73202D61DE}.Debug|Any CPU.ActiveCfg = Debug|Any CPU
		{33896F31-5163-4DCD-8243-8F73202D61DE}.Debug|Any CPU.Build.0 = Debug|Any CPU
		{33896F31-5163-4DCD-8243-8F73202D61DE}.Release|Any CPU.ActiveCfg = Release|Any CPU
		{33896F31-5163-4DCD-8243-8F73202D61DE}.Release|Any CPU.Build.0 = Release|Any CPU
	EndGlobalSection
	GlobalSection(SolutionProperties) = preSolution
		HideSolutionNode = FALSE
	EndGlobalSection
EndGlobal
